
{
  "name": "functions",
  "requires": true,
  "lockfileVersion": 1,
  "dependencies": {
    "@firebase/app-types": {
      "version": "0.6.1",
      "resolved": "https://registry.npmjs.org/@firebase/app-types/-/app-types-0.6.1.tgz",
      "integrity": "sha512-L/ZnJRAq7F++utfuoTKX4CLBG5YR7tFO3PLzG1/oXXKEezJ0kRL3CMRoueBEmTCzVb/6SIs2Qlaw++uDgi5Xyg=="
    },
    "@firebase/auth-interop-types": {
      "version": "0.1.5",
      "resolved": "https://registry.npmjs.org/@firebase/auth-interop-types/-/auth-interop-types-0.1.5.tgz",
      "integrity": "sha512-88h74TMQ6wXChPA6h9Q3E1Jg6TkTHep2+k63OWg3s0ozyGVMeY+TTOti7PFPzq5RhszQPQOoCi59es4MaRvgCw=="
    },
    "@firebase/component": {
      "version": "0.1.13",
      "resolved": "https://registry.npmjs.org/@firebase/component/-/component-0.1.13.tgz",
      "integrity": "sha512-DuSIM96NQkE3Yo77IOa5BWw8VBdvCR5cbMLNiFT4X3dTU15Dm0zHjncQHt/6rQpABGNYWAfOCJmSU1v6vc3DFA==",
      "requires": {
        "@firebase/util": "0.2.48",
        "tslib": "1.11.1"
      }
    },
    "@firebase/database": {
      "version": "0.6.4",
      "resolved": "https://registry.npmjs.org/@firebase/database/-/database-0.6.4.tgz",
      "integrity": "sha512-m3jaElEEXhr3a9D+M/kbDuRCQG5EmrnSqyEq7iNk3s5ankIrALid0AYm2RZF764F/DIeMFtAzng4EyyEqsaQlQ==",
      "requires": {
        "@firebase/auth-interop-types": "0.1.5",
        "@firebase/component": "0.1.13",
        "@firebase/database-types": "0.5.1",
        "@firebase/logger": "0.2.5",
        "@firebase/util": "0.2.48",
        "faye-websocket": "0.11.3",
        "tslib": "1.11.1"
      }
    },
    "@firebase/database-types": {
      "version": "0.5.1",
      "resolved": "https://registry.npmjs.org/@firebase/database-types/-/database-types-0.5.1.tgz",
      "integrity": "sha512-onQxom1ZBYBJ648w/VNRzUewovEDAH7lvnrrpCd69ukkyrMk6rGEO/PQ9BcNEbhlNtukpsqRS0oNOFlHs0FaSA==",
      "requires": {
        "@firebase/app-types": "0.6.1"
      }
    },
    "@firebase/logger": {
      "version": "0.2.5",
      "resolved": "https://registry.npmjs.org/@firebase/logger/-/logger-0.2.5.tgz",
      "integrity": "sha512-qqw3m0tWs/qrg7axTZG/QZq24DIMdSY6dGoWuBn08ddq7+GLF5HiqkRj71XznYeUUbfRq5W9C/PSFnN4JxX+WA=="
    },
    "@firebase/util": {
      "version": "0.2.48",
      "resolved": "https://registry.npmjs.org/@firebase/util/-/util-0.2.48.tgz",
      "integrity": "sha512-6Wzq6IBF//3mrMTmTQ+JmceM0PMQpxV2GVfXhZn/4sMMkkhB0MA908nPDnatoHwUKyWE3BMw+uTLkyBnkuTu5A==",
      "requires": {
        "tslib": "1.11.1"
      }
    },
    "@google-cloud/common": {
      "version": "2.4.0",
      "resolved": "https://registry.npmjs.org/@google-cloud/common/-/common-2.4.0.tgz",
      "integrity": "sha512-zWFjBS35eI9leAHhjfeOYlK5Plcuj/77EzstnrJIZbKgF/nkqjcQuGiMCpzCwOfPyUbz8ZaEOYgbHa759AKbjg==",
      "optional": true,
      "requires": {
        "@google-cloud/projectify": "^1.0.0",
        "@google-cloud/promisify": "^1.0.0",
        "arrify": "^2.0.0",
        "duplexify": "^3.6.0",
        "ent": "^2.2.0",
        "extend": "^3.0.2",
        "google-auth-library": "^5.5.0",
        "retry-request": "^4.0.0",
        "teeny-request": "^6.0.0"
      }
    },
    "@google-cloud/firestore": {
      "version": "3.8.5",
      "resolved": "https://registry.npmjs.org/@google-cloud/firestore/-/firestore-3.8.5.tgz",
      "integrity": "sha512-MMUiQRhraXybayNZ6vbs+tLUq/TwXi7i40NEY9W5Wo5f4tX3SxX0km6FFbnNBy6pAEwpkZ02s0RMVy/RsMeGqA==",
      "optional": true,
      "requires": {
        "deep-equal": "^2.0.0",
        "functional-red-black-tree": "^1.0.1",
        "google-gax": "^1.15.3",
        "readable-stream": "^3.4.0",
        "through2": "^3.0.0"
      }
    },
    "@google-cloud/paginator": {
      "version": "2.0.3",
      "resolved": "https://registry.npmjs.org/@google-cloud/paginator/-/paginator-2.0.3.tgz",
      "integrity": "sha512-kp/pkb2p/p0d8/SKUu4mOq8+HGwF8NPzHWkj+VKrIPQPyMRw8deZtrO/OcSiy9C/7bpfU5Txah5ltUNfPkgEXg==",
      "optional": true,
      "requires": {