
{
  "name": "functions",
  "requires": true,
  "lockfileVersion": 1,
  "dependencies": {
    "@firebase/app-types": {
      "version": "0.6.1",
      "resolved": "https://registry.npmjs.org/@firebase/app-types/-/app-types-0.6.1.tgz",
      "integrity": "sha512-L/ZnJRAq7F++utfuoTKX4CLBG5YR7tFO3PLzG1/oXXKEezJ0kRL3CMRoueBEmTCzVb/6SIs2Qlaw++uDgi5Xyg=="
    },
    "@firebase/auth-interop-types": {
      "version": "0.1.5",
      "resolved": "https://registry.npmjs.org/@firebase/auth-interop-types/-/auth-interop-types-0.1.5.tgz",
      "integrity": "sha512-88h74TMQ6wXChPA6h9Q3E1Jg6TkTHep2+k63OWg3s0ozyGVMeY+TTOti7PFPzq5RhszQPQOoCi59es4MaRvgCw=="
    },
    "@firebase/component": {
      "version": "0.1.13",
      "resolved": "https://registry.npmjs.org/@firebase/component/-/component-0.1.13.tgz",
      "integrity": "sha512-DuSIM96NQkE3Yo77IOa5BWw8VBdvCR5cbMLNiFT4X3dTU15Dm0zHjncQHt/6rQpABGNYWAfOCJmSU1v6vc3DFA==",
      "requires": {
        "@firebase/util": "0.2.48",
        "tslib": "1.11.1"
      }
    },
    "@firebase/database": {
      "version": "0.6.4",
      "resolved": "https://registry.npmjs.org/@firebase/database/-/database-0.6.4.tgz",
      "integrity": "sha512-m3jaElEEXhr3a9D+M/kbDuRCQG5EmrnSqyEq7iNk3s5ankIrALid0AYm2RZF764F/DIeMFtAzng4EyyEqsaQlQ==",
      "requires": {
        "@firebase/auth-interop-types": "0.1.5",
        "@firebase/component": "0.1.13",
        "@firebase/database-types": "0.5.1",
        "@firebase/logger": "0.2.5",
        "@firebase/util": "0.2.48",
        "faye-websocket": "0.11.3",
        "tslib": "1.11.1"
      }
    },
    "@firebase/database-types": {
      "version": "0.5.1",
      "resolved": "https://registry.npmjs.org/@firebase/database-types/-/database-types-0.5.1.tgz",
      "integrity": "sha512-onQxom1ZBYBJ648w/VNRzUewovEDAH7lvnrrpCd69ukkyrMk6rGEO/PQ9BcNEbhlNtukpsqRS0oNOFlHs0FaSA==",
      "requires": {
        "@firebase/app-types": "0.6.1"
      }
    },
    "@firebase/logger": {
      "version": "0.2.5",
      "resolved": "https://registry.npmjs.org/@firebase/logger/-/logger-0.2.5.tgz",
      "integrity": "sha512-qqw3m0tWs/qrg7axTZG/QZq24DIMdSY6dGoWuBn08ddq7+GLF5HiqkRj71XznYeUUbfRq5W9C/PSFnN4JxX+WA=="
    },
    "@firebase/util": {
      "version": "0.2.48",
      "resolved": "https://registry.npmjs.org/@firebase/util/-/util-0.2.48.tgz",
      "integrity": "sha512-6Wzq6IBF//3mrMTmTQ+JmceM0PMQpxV2GVfXhZn/4sMMkkhB0MA908nPDnatoHwUKyWE3BMw+uTLkyBnkuTu5A==",
      "requires": {
        "tslib": "1.11.1"
      }
    },
    "@google-cloud/common": {
      "version": "2.4.0",
      "resolved": "https://registry.npmjs.org/@google-cloud/common/-/common-2.4.0.tgz",
      "integrity": "sha512-zWFjBS35eI9leAHhjfeOYlK5Plcuj/77EzstnrJIZbKgF/nkqjcQuGiMCpzCwOfPyUbz8ZaEOYgbHa759AKbjg==",
      "optional": true,
      "requires": {
        "@google-cloud/projectify": "^1.0.0",
        "@google-cloud/promisify": "^1.0.0",
        "arrify": "^2.0.0",
        "duplexify": "^3.6.0",
        "ent": "^2.2.0",
        "extend": "^3.0.2",
        "google-auth-library": "^5.5.0",
        "retry-request": "^4.0.0",
        "teeny-request": "^6.0.0"
      }
    },
    "@google-cloud/firestore": {
      "version": "3.8.5",
      "resolved": "https://registry.npmjs.org/@google-cloud/firestore/-/firestore-3.8.5.tgz",
      "integrity": "sha512-MMUiQRhraXybayNZ6vbs+tLUq/TwXi7i40NEY9W5Wo5f4tX3SxX0km6FFbnNBy6pAEwpkZ02s0RMVy/RsMeGqA==",
      "optional": true,
      "requires": {
        "deep-equal": "^2.0.0",
        "functional-red-black-tree": "^1.0.1",
        "google-gax": "^1.15.3",
        "readable-stream": "^3.4.0",
        "through2": "^3.0.0"
      }
    },
    "@google-cloud/paginator": {
      "version": "2.0.3",
      "resolved": "https://registry.npmjs.org/@google-cloud/paginator/-/paginator-2.0.3.tgz",
      "integrity": "sha512-kp/pkb2p/p0d8/SKUu4mOq8+HGwF8NPzHWkj+VKrIPQPyMRw8deZtrO/OcSiy9C/7bpfU5Txah5ltUNfPkgEXg==",
      "optional": true,
      "requires": {
        "arrify": "^2.0.0",
        "extend": "^3.0.2"
      }
    },
    "@google-cloud/projectify": {
      "version": "1.0.4",
      "resolved": "https://registry.npmjs.org/@google-cloud/projectify/-/projectify-1.0.4.tgz",
      "integrity": "sha512-ZdzQUN02eRsmTKfBj9FDL0KNDIFNjBn/d6tHQmA/+FImH5DO6ZV8E7FzxMgAUiVAUq41RFAkb25p1oHOZ8psfg==",
      "optional": true
    },
    "@google-cloud/promisify": {
      "version": "1.0.4",
      "resolved": "https://registry.npmjs.org/@google-cloud/promisify/-/promisify-1.0.4.tgz",
      "integrity": "sha512-VccZDcOql77obTnFh0TbNED/6ZbbmHDf8UMNnzO1d5g9V0Htfm4k5cllY8P1tJsRKC3zWYGRLaViiupcgVjBoQ==",
      "optional": true
    },
    "@google-cloud/storage": {
      "version": "4.7.0",
      "resolved": "https://registry.npmjs.org/@google-cloud/storage/-/storage-4.7.0.tgz",
      "integrity": "sha512-f0guAlbeg7Z0m3gKjCfBCu7FG9qS3M3oL5OQQxlvGoPtK7/qg3+W+KQV73O2/sbuS54n0Kh2mvT5K2FWzF5vVQ==",
      "optional": true,
      "requires": {
        "@google-cloud/common": "^2.1.1",
        "@google-cloud/paginator": "^2.0.0",
        "@google-cloud/promisify": "^1.0.0",
        "arrify": "^2.0.0",
        "compressible": "^2.0.12",
        "concat-stream": "^2.0.0",
        "date-and-time": "^0.13.0",
        "duplexify": "^3.5.0",
        "extend": "^3.0.2",
        "gaxios": "^3.0.0",
        "gcs-resumable-upload": "^2.2.4",
        "hash-stream-validation": "^0.2.2",
        "mime": "^2.2.0",
        "mime-types": "^2.0.8",
        "onetime": "^5.1.0",
        "p-limit": "^2.2.0",
        "pumpify": "^2.0.0",
        "readable-stream": "^3.4.0",
        "snakeize": "^0.1.0",
        "stream-events": "^1.0.1",
        "through2": "^3.0.0",
        "xdg-basedir": "^4.0.0"
      },
      "dependencies": {
        "gaxios": {
          "version": "3.0.3",
          "resolved": "https://registry.npmjs.org/gaxios/-/gaxios-3.0.3.tgz",
          "integrity": "sha512-PkzQludeIFhd535/yucALT/Wxyj/y2zLyrMwPcJmnLHDugmV49NvAi/vb+VUq/eWztATZCNcb8ue+ywPG+oLuw==",
          "optional": true,
          "requires": {
            "abort-controller": "^3.0.0",
            "extend": "^3.0.2",
            "https-proxy-agent": "^5.0.0",
            "is-stream": "^2.0.0",
            "node-fetch": "^2.3.0"
          }
        }
      }
    },
    "@grpc/grpc-js": {
      "version": "1.0.5",
      "resolved": "https://registry.npmjs.org/@grpc/grpc-js/-/grpc-js-1.0.5.tgz",
      "integrity": "sha512-Hm+xOiqAhcpT9RYM8lc15dbQD7aQurM7ZU8ulmulepiPlN7iwBXXwP3vSBUimoFoApRqz7pSIisXU8pZaCB4og==",
      "optional": true,
      "requires": {
        "semver": "^6.2.0"
      }
    },
    "@grpc/proto-loader": {
      "version": "0.5.4",
      "resolved": "https://registry.npmjs.org/@grpc/proto-loader/-/proto-loader-0.5.4.tgz",
      "integrity": "sha512-HTM4QpI9B2XFkPz7pjwMyMgZchJ93TVkL3kWPW8GDMDKYxsMnmf4w2TNMJK7+KNiYHS5cJrCEAFlF+AwtXWVPA==",
      "optional": true,
      "requires": {
        "lodash.camelcase": "^4.3.0",
        "protobufjs": "^6.8.6"
      }
    },
    "@protobufjs/aspromise": {
      "version": "1.1.2",
      "resolved": "https://registry.npmjs.org/@protobufjs/aspromise/-/aspromise-1.1.2.tgz",
      "integrity": "sha1-m4sMxmPWaafY9vXQiToU00jzD78=",
      "optional": true
    },
    "@protobufjs/base64": {
      "version": "1.1.2",
      "resolved": "https://registry.npmjs.org/@protobufjs/base64/-/base64-1.1.2.tgz",
      "integrity": "sha512-AZkcAA5vnN/v4PDqKyMR5lx7hZttPDgClv83E//FMNhR2TMcLUhfRUBHCmSl0oi9zMgDDqRUJkSxO3wm85+XLg==",
      "optional": true
    },
    "@protobufjs/codegen": {
      "version": "2.0.4",
      "resolved": "https://registry.npmjs.org/@protobufjs/codegen/-/codegen-2.0.4.tgz",
      "integrity": "sha512-YyFaikqM5sH0ziFZCN3xDC7zeGaB/d0IUb9CATugHWbd1FRFwWwt4ld4OYMPWu5a3Xe01mGAULCdqhMlPl29Jg==",
      "optional": true
    },
    "@protobufjs/eventemitter": {
      "version": "1.1.0",
      "resolved": "https://registry.npmjs.org/@protobufjs/eventemitter/-/eventemitter-1.1.0.tgz",
      "integrity": "sha1-NVy8mLr61ZePntCV85diHx0Ga3A=",
      "optional": true
    },
    "@protobufjs/fetch": {
      "version": "1.1.0",
      "resolved": "https://registry.npmjs.org/@protobufjs/fetch/-/fetch-1.1.0.tgz",
      "integrity": "sha1-upn7WYYUr2VwDBYZ/wbUVLDYTEU=",
      "optional": true,
      "requires": {
        "@protobufjs/aspromise": "^1.1.1",
        "@protobufjs/inquire": "^1.1.0"
      }
    },
    "@protobufjs/float": {
      "version": "1.0.2",
      "resolved": "https://registry.npmjs.org/@protobufjs/float/-/float-1.0.2.tgz",
      "integrity": "sha1-Xp4avctz/Ap8uLKR33jIy9l7h9E=",
      "optional": true
    },
    "@protobufjs/inquire": {
      "version": "1.1.0",
      "resolved": "https://registry.npmjs.org/@protobufjs/inquire/-/inquire-1.1.0.tgz",
      "integrity": "sha1-/yAOPnzyQp4tyvwRQIKOjMY48Ik=",
      "optional": true
    },
    "@protobufjs/path": {
      "version": "1.1.2",
      "resolved": "https://registry.npmjs.org/@protobufjs/path/-/path-1.1.2.tgz",
      "integrity": "sha1-bMKyDFya1q0NzP0hynZz2Nf79o0=",
      "optional": true
    },
    "@protobufjs/pool": {
      "version": "1.1.0",
      "resolved": "https://registry.npmjs.org/@protobufjs/pool/-/pool-1.1.0.tgz",
      "integrity": "sha1-Cf0V8tbTq/qbZbw2ZQbWrXhG/1Q=",
      "optional": true
    },
    "@protobufjs/utf8": {
      "version": "1.1.0",
      "resolved": "https://registry.npmjs.org/@protobufjs/utf8/-/utf8-1.1.0.tgz",
      "integrity": "sha1-p3c2C1s5oaLlEG+OhY8v0tBgxXA=",
      "optional": true
    },
    "@tootallnate/once": {
      "version": "1.1.2",
      "resolved": "https://registry.npmjs.org/@tootallnate/once/-/once-1.1.2.tgz",
      "integrity": "sha512-RbzJvlNzmRq5c3O09UipeuXno4tA1FE6ikOjxZK0tuxVv3412l64l5t1W5pj4+rJq9vpkm/kwiR07aZXnsKPxw==",
      "optional": true
    },
    "@types/body-parser": {
      "version": "1.19.0",
      "resolved": "https://registry.npmjs.org/@types/body-parser/-/body-parser-1.19.0.tgz",
      "integrity": "sha512-W98JrE0j2K78swW4ukqMleo8R7h/pFETjM2DQ90MF6XK2i4LO4W3gQ71Lt4w3bfm2EvVSyWHplECvB5sK22yFQ==",
      "requires": {
        "@types/connect": "*",
        "@types/node": "*"
      }
    },
    "@types/connect": {
      "version": "3.4.33",
      "resolved": "https://registry.npmjs.org/@types/connect/-/connect-3.4.33.tgz",
      "integrity": "sha512-2+FrkXY4zllzTNfJth7jOqEHC+enpLeGslEhpnTAkg21GkRrWV4SsAtqchtT4YS9/nODBU2/ZfsBY2X4J/dX7A==",
      "requires": {
        "@types/node": "*"
      }
    },
    "@types/express": {
      "version": "4.17.3",
      "resolved": "https://registry.npmjs.org/@types/express/-/express-4.17.3.tgz",
      "integrity": "sha512-I8cGRJj3pyOLs/HndoP+25vOqhqWkAZsWMEmq1qXy/b/M3ppufecUwaK2/TVDVxcV61/iSdhykUjQQ2DLSrTdg==",
      "requires": {
        "@types/body-parser": "*",
        "@types/express-serve-static-core": "*",
        "@types/serve-static": "*"
      }
    },
    "@types/express-serve-static-core": {
      "version": "4.17.7",
      "resolved": "https://registry.npmjs.org/@types/express-serve-static-core/-/express-serve-static-core-4.17.7.tgz",
      "integrity": "sha512-EMgTj/DF9qpgLXyc+Btimg+XoH7A2liE8uKul8qSmMTHCeNYzydDKFdsJskDvw42UsesCnhO63dO0Grbj8J4Dw==",
      "requires": {