
# THIS IS AN AUTOGENERATED FILE. DO NOT EDIT THIS FILE DIRECTLY.
# yarn lockfile v1


"@babel/code-frame@^7.0.0", "@babel/code-frame@^7.10.4", "@babel/code-frame@^7.12.11":
  version "7.12.11"
  resolved "https://registry.yarnpkg.com/@babel/code-frame/-/code-frame-7.12.11.tgz#f4ad435aa263db935b8f10f2c552d23fb716a63f"
  integrity sha512-Zt1yodBx1UcyiePMSkWnU4hPqhwq7hGi2nFL1LeA3EUl+q2LQx16MISgJ0+z7dnmgvP9QtIleuETGOiOH1RcIw==
  dependencies:
    "@babel/highlight" "^7.10.4"

"@babel/compat-data@^7.12.5", "@babel/compat-data@^7.12.7":
  version "7.12.7"
  resolved "https://registry.yarnpkg.com/@babel/compat-data/-/compat-data-7.12.7.tgz#9329b4782a7d6bbd7eef57e11addf91ee3ef1e41"
  integrity sha512-YaxPMGs/XIWtYqrdEOZOCPsVWfEoriXopnsz3/i7apYPXQ3698UFhS6dVT1KN5qOsWmVgw/FOrmQgpRaZayGsw==

"@babel/core@^7.12.9":
  version "7.12.10"
  resolved "https://registry.yarnpkg.com/@babel/core/-/core-7.12.10.tgz#b79a2e1b9f70ed3d84bbfb6d8c4ef825f606bccd"
  integrity sha512-eTAlQKq65zHfkHZV0sIVODCPGVgoo1HdBlbSLi9CqOzuZanMv2ihzY+4paiKr1mH+XmYESMAmJ/dpZ68eN6d8w==
  dependencies:
    "@babel/code-frame" "^7.10.4"
    "@babel/generator" "^7.12.10"
    "@babel/helper-module-transforms" "^7.12.1"
    "@babel/helpers" "^7.12.5"
    "@babel/parser" "^7.12.10"
    "@babel/template" "^7.12.7"
    "@babel/traverse" "^7.12.10"
    "@babel/types" "^7.12.10"
    convert-source-map "^1.7.0"
    debug "^4.1.0"
    gensync "^1.0.0-beta.1"
    json5 "^2.1.2"
    lodash "^4.17.19"
    semver "^5.4.1"
    source-map "^0.5.0"

"@babel/generator@^7.12.10", "@babel/generator@^7.12.11":
  version "7.12.11"
  resolved "https://registry.yarnpkg.com/@babel/generator/-/generator-7.12.11.tgz#98a7df7b8c358c9a37ab07a24056853016aba3af"
  integrity sha512-Ggg6WPOJtSi8yYQvLVjG8F/TlpWDlKx0OpS4Kt+xMQPs5OaGYWy+v1A+1TvxI6sAMGZpKWWoAQ1DaeQbImlItA==
  dependencies:
    "@babel/types" "^7.12.11"
    jsesc "^2.5.1"
    source-map "^0.5.0"

"@babel/helper-annotate-as-pure@^7.10.4":
  version "7.12.10"
  resolved "https://registry.yarnpkg.com/@babel/helper-annotate-as-pure/-/helper-annotate-as-pure-7.12.10.tgz#54ab9b000e60a93644ce17b3f37d313aaf1d115d"
  integrity sha512-XplmVbC1n+KY6jL8/fgLVXXUauDIB+lD5+GsQEh6F6GBF1dq1qy4DP4yXWzDKcoqXB3X58t61e85Fitoww4JVQ==
  dependencies:
    "@babel/types" "^7.12.10"

"@babel/helper-builder-binary-assignment-operator-visitor@^7.10.4":
  version "7.10.4"
  resolved "https://registry.yarnpkg.com/@babel/helper-builder-binary-assignment-operator-visitor/-/helper-builder-binary-assignment-operator-visitor-7.10.4.tgz#bb0b75f31bf98cbf9ff143c1ae578b87274ae1a3"
  integrity sha512-L0zGlFrGWZK4PbT8AszSfLTM5sDU1+Az/En9VrdT8/LmEiJt4zXt+Jve9DCAnQcbqDhCI+29y/L93mrDzddCcg==
  dependencies:
    "@babel/helper-explode-assignable-expression" "^7.10.4"
    "@babel/types" "^7.10.4"

"@babel/helper-compilation-targets@^7.12.5":
  version "7.12.5"
  resolved "https://registry.yarnpkg.com/@babel/helper-compilation-targets/-/helper-compilation-targets-7.12.5.tgz#cb470c76198db6a24e9dbc8987275631e5d29831"
  integrity sha512-+qH6NrscMolUlzOYngSBMIOQpKUGPPsc61Bu5W10mg84LxZ7cmvnBHzARKbDoFxVvqqAbj6Tg6N7bSrWSPXMyw==
  dependencies:
    "@babel/compat-data" "^7.12.5"
    "@babel/helper-validator-option" "^7.12.1"
    browserslist "^4.14.5"
    semver "^5.5.0"

"@babel/helper-create-class-features-plugin@^7.12.1":
  version "7.12.1"
  resolved "https://registry.yarnpkg.com/@babel/helper-create-class-features-plugin/-/helper-create-class-features-plugin-7.12.1.tgz#3c45998f431edd4a9214c5f1d3ad1448a6137f6e"
  integrity sha512-hkL++rWeta/OVOBTRJc9a5Azh5mt5WgZUGAKMD8JM141YsE08K//bp1unBBieO6rUKkIPyUE0USQ30jAy3Sk1w==
  dependencies:
    "@babel/helper-function-name" "^7.10.4"
    "@babel/helper-member-expression-to-functions" "^7.12.1"
    "@babel/helper-optimise-call-expression" "^7.10.4"
    "@babel/helper-replace-supers" "^7.12.1"
    "@babel/helper-split-export-declaration" "^7.10.4"

"@babel/helper-create-regexp-features-plugin@^7.12.1":
  version "7.12.7"
  resolved "https://registry.yarnpkg.com/@babel/helper-create-regexp-features-plugin/-/helper-create-regexp-features-plugin-7.12.7.tgz#2084172e95443fa0a09214ba1bb328f9aea1278f"
  integrity sha512-idnutvQPdpbduutvi3JVfEgcVIHooQnhvhx0Nk9isOINOIGYkZea1Pk2JlJRiUnMefrlvr0vkByATBY/mB4vjQ==
  dependencies:
    "@babel/helper-annotate-as-pure" "^7.10.4"
    regexpu-core "^4.7.1"

"@babel/helper-define-map@^7.10.4":
  version "7.10.5"
  resolved "https://registry.yarnpkg.com/@babel/helper-define-map/-/helper-define-map-7.10.5.tgz#b53c10db78a640800152692b13393147acb9bb30"
  integrity sha512-fMw4kgFB720aQFXSVaXr79pjjcW5puTCM16+rECJ/plGS+zByelE8l9nCpV1GibxTnFVmUuYG9U8wYfQHdzOEQ==